
Microsoft Visual Studio Solution File, Format Version 12.00
# Visual Studio Version 17
VisualStudioVersion = 17.4.33103.184
MinimumVisualStudioVersion = 10.0.40219.1
Project("{FAE04EC0-301F-11D3-BF4B-00C04F79EFBC}") = "Web_Server_Final_Games", "Web_Server_Final_Games\Web_Server_Final_Games.csproj", "{9A8458B3-B5C1-4E42-8369-1041CE45EAED}"
EndProject
Global
	GlobalSection(SolutionConfigurationPlatforms) = preSolution
		Debug|Any CPU = Debug|Any CPU
		Release|Any CPU = Release|Any CPU
	EndGlobalSection
	GlobalSection(ProjectConfigurationPlatforms) = postSolution
		{9A8458B3-B5C1-4E42-8369-1041CE45EAED}.Debug|Any CPU.ActiveCfg = Debug|Any CPU
		{9A8458B3-B5C1-4E42-8369-1041CE45EAED}.Debug|Any CPU.Build.0 = Debug|Any CPU
		{9A8458B3-B5C1-4E42-8369-1041CE45EAED}.Release|Any CPU.ActiveCfg = Release|Any CPU
		{9A8458B3-B5C1-4E42-8369-1041CE45EAED}.Release|Any CPU.Build.0 = Release|Any CPU
	EndGlobalSection
	GlobalSection(SolutionProperties) = preSolution
		HideSolutionNode = FALSE
	EndGlobalSection
	GlobalSection(ExtensibilityGlobals) = postSolution
		SolutionGuid = {5EC6B542-3386-481D-B32C-19C036CAD487}
	EndGlobalSection
EndGlobal
